
Microsoft Visual Studio Solution File, Format Version 12.00
# Visual Studio Version 16
VisualStudioVersion = 16.0.30621.155
MinimumVisualStudioVersion = 10.0.40219.1
Project("{FAE04EC0-301F-11D3-BF4B-00C04F79EFBC}") = "car_app", "car_app.csproj", "{8529CF2B-2201-4BF8-8D24-2AC3854E2558}"
EndProject
Global
	GlobalSection(SolutionConfigurationPlatforms) = preSolution
		Debug|Any CPU = Debug|Any CPU
		Release|Any CPU = Release|Any CPU
	EndGlobalSection
	GlobalSection(ProjectConfigurationPlatforms) = postSolution
		{8529CF2B-2201-4BF8-8D24-2AC3854E2558}.Debug|Any CPU.ActiveCfg = Debug|Any CPU
		{8529CF2B-2201-4BF8-8D24-2AC3854E2558}.Debug|Any CPU.Build.0 = Debug|Any CPU
		{8529CF2B-2201-4BF8-8D24-2AC3854E2558}.Release|Any CPU.ActiveCfg = Release|Any CPU
		{8529CF2B-2201-4BF8-8D24-2AC3854E2558}.Release|Any CPU.Build.0 = Release|Any CPU
	EndGlobalSection
	GlobalSection(SolutionProperties) = preSolution
		HideSolutionNode = FALSE
	EndGlobalSection
	GlobalSection(ExtensibilityGlobals) = postSolution
		SolutionGuid = {21E38C32-924D-4433-A3AE-CEB3EC079CEE}
	EndGlobalSection
EndGlobal
